
Microsoft Visual Studio Solution File, Format Version 12.00
# Visual Studio Version 16
VisualStudioVersion = 16.0.30804.86
MinimumVisualStudioVersion = 10.0.40219.1
Project("{FAE04EC0-301F-11D3-BF4B-00C04F79EFBC}") = "main", "main\main.csproj", "{C01303FE-84F9-4EB1-B29F-FF10E1FF970A}"
EndProject
Project("{FAE04EC0-301F-11D3-BF4B-00C04F79EFBC}") = "ConsoleIO", "ConsoleIO\ConsoleIO.csproj", "{918B8AF7-4DE6-4CED-9892-EBBE0DC7616B}"
EndProject
Project("{FAE04EC0-301F-11D3-BF4B-00C04F79EFBC}") = "EncryptionMethods", "EncryptionMethods\EncryptionMethods.csproj", "{23B63BE1-660B-44CA-9E2A-CC5BA9F5E365}"
EndProject
Project("{FAE04EC0-301F-11D3-BF4B-00C04F79EFBC}") = "UsefulMethods", "UsefulMethods\UsefulMethods.csproj", "{06B1E21A-B270-4429-8B8C-D4EE08AAE054}"
EndProject
Project("{FAE04EC0-301F-11D3-BF4B-00C04F79EFBC}") = "Managers", "Managers\Managers.csproj", "{0BD44630-2C2B-46CA-B22E-48EF16D0989C}"
EndProject
Project("{FAE04EC0-301F-11D3-BF4B-00C04F79EFBC}") = "Cryptograph", "Cryptograph\Cryptograph.csproj", "{69695647-0E6D-4509-8A58-30F123ABA36A}"
EndProject
Project("{2150E333-8FDC-42A3-9474-1A3956D46DE8}") = "Solution Items", "Solution Items", "{BF2F41F3-8D99-48D8-8FAA-276592AC816A}"
	ProjectSection(SolutionItems) = preProject
		.gitignore = .gitignore
		index.html = index.html
	EndProjectSection
EndProject
Project("{FAE04EC0-301F-11D3-BF4B-00C04F79EFBC}") = "FileIOControllers", "FileIOControllers\FileIOControllers.csproj", "{90A1A907-7992-4C43-A247-1A026B262755}"
EndProject
Project("{FAE04EC0-301F-11D3-BF4B-00C04F79EFBC}") = "ShortHandMethods", "ShortHand\ShortHandMethods.csproj", "{85EAB087-7472-4AF7-8FC0-F6FDEEB74DEB}"
EndProject
Global
	GlobalSection(SolutionConfigurationPlatforms) = preSolution
		Debug|Any CPU = Debug|Any CPU
		Release|Any CPU = Release|Any CPU
	EndGlobalSection
	GlobalSection(ProjectConfigurationPlatforms) = postSolution
		{C01303FE-84F9-4EB1-B29F-FF10E1FF970A}.Debug|Any CPU.ActiveCfg = Debug|Any CPU
		{C01303FE-84F9-4EB1-B29F-FF10E1FF970A}.Debug|Any CPU.Build.0 = Debug|Any CPU
		{C01303FE-84F9-4EB1-B29F-FF10E1FF970A}.Release|Any CPU.ActiveCfg = Release|Any CPU
		{C01303FE-84F9-4EB1-B29F-FF10E1FF970A}.Release|Any CPU.Build.0 = Release|Any CPU
		{918B8AF7-4DE6-4CED-9892-EBBE0DC7616B}.Debug|Any CPU.ActiveCfg = Debug|Any CPU
		{918B8AF7-4DE6-4CED-9892-EBBE0DC7616B}.Debug|Any CPU.Build.0 = Debug|Any CPU
		{918B8AF7-4DE6-4CED-9892-EBBE0DC7616B}.Release|Any CPU.ActiveCfg = Release|Any CPU
		{918B8AF7-4DE6-4CED-9892-EBBE0DC7616B}.Release|Any CPU.Build.0 = Release|Any CPU
		{23B63BE1-660B-44CA-9E2A-CC5BA9F5E365}.Debug|Any CPU.ActiveCfg = Debug|Any CPU
		{23B63BE1-660B-44CA-9E2A-CC5BA9F5E365}.Debug|Any CPU.Build.0 = Debug|Any CPU
		{23B63BE1-660B-44CA-9E2A-CC5BA9F5E365}.Release|Any CPU.ActiveCfg = Release|Any CPU
		{23B63BE1-660B-44CA-9E2A-CC5BA9F5E365}.Release|Any CPU.Build.0 = Release|Any CPU
		{06B1E21A-B270-4429-8B8C-D4EE08AAE054}.Debug|Any CPU.ActiveCfg = Debug|Any CPU
		{06B1E21A-B270-4429-8B8C-D4EE08AAE054}.Debug|Any CPU.Build.0 = Debug|Any CPU
		{06B1E21A-B270-4429-8B8C-D4EE08AAE054}.Release|Any CPU.ActiveCfg = Release|Any CPU
		{06B1E21A-B270-4429-8B8C-D4EE08AAE054}.Release|Any CPU.Build.0 = Release|Any CPU
		{0BD44630-2C2B-46CA-B22E-48EF16D0989C}.Debug|Any CPU.ActiveCfg = Debug|Any CPU
		{0BD44630-2C2B-46CA-B22E-48EF16D0989C}.Debug|Any CPU.Build.0 = Debug|Any CPU
		{0BD44630-2C2B-46CA-B22E-48EF16D0989C}.Release|Any CPU.ActiveCfg = Release|Any CPU
		{0BD44630-2C2B-46CA-B22E-48EF16D0989C}.Release|Any CPU.Build.0 = Release|Any CPU
		{69695647-0E6D-4509-8A58-30F123ABA36A}.Debug|Any CPU.ActiveCfg = Debug|Any CPU
		{69695647-0E6D-4509-8A58-30F123ABA36A}.Debug|Any CPU.Build.0 = Debug|Any CPU
		{69695647-0E6D-4509-8A58-30F123ABA36A}.Release|Any CPU.ActiveCfg = Release|Any CPU
		{69695647-0E6D-4509-8A58-30F123ABA36A}.Release|Any CPU.Build.0 = Release|Any CPU
		{90A1A907-7992-4C43-A247-1A026B262755}.Debug|Any CPU.ActiveCfg = Debug|Any CPU
		{90A1A907-7992-4C43-A247-1A026B262755}.Debug|Any CPU.Build.0 = Debug|Any CPU
		{90A1A907-7992-4C43-A247-1A026B262755}.Release|Any CPU.ActiveCfg = Release|Any CPU
		{90A1A907-7992-4C43-A247-1A026B262755}.Release|Any CPU.Build.0 = Release|Any CPU
		{85EAB087-7472-4AF7-8FC0-F6FDEEB74DEB}.Debug|Any CPU.ActiveCfg = Debug|Any CPU
		{85EAB087-7472-4AF7-8FC0-F6FDEEB74DEB}.Debug|Any CPU.Build.0 = Debug|Any CPU
		{85EAB087-7472-4AF7-8FC0-F6FDEEB74DEB}.Release|Any CPU.ActiveCfg = Release|Any CPU
		{85EAB087-7472-4AF7-8FC0-F6FDEEB74DEB}.Release|Any CPU.Build.0 = Release|Any CPU
	EndGlobalSection
	GlobalSection(SolutionProperties) = preSolution
		HideSolutionNode = FALSE
	EndGlobalSection
	GlobalSection(ExtensibilityGlobals) = postSolution
		SolutionGuid = {86428E76-C4BE-4F06-8073-FE052C2C7705}
	EndGlobalSection
EndGlobal
